
Microsoft Visual Studio Solution File, Format Version 12.00
# Visual Studio Version 17
VisualStudioVersion = 17.9.34616.47
MinimumVisualStudioVersion = 10.0.40219.1
Project("{FAE04EC0-301F-11D3-BF4B-00C04F79EFBC}") = "Session7", "Session7\Session7.csproj", "{57867189-89DC-4858-8873-8EA75A167713}"
EndProject
Global
	GlobalSection(SolutionConfigurationPlatforms) = preSolution
		Debug|Any CPU = Debug|Any CPU
		Release|Any CPU = Release|Any CPU
	EndGlobalSection
	GlobalSection(ProjectConfigurationPlatforms) = postSolution
		{57867189-89DC-4858-8873-8EA75A167713}.Debug|Any CPU.ActiveCfg = Debug|Any CPU
		{57867189-89DC-4858-8873-8EA75A167713}.Debug|Any CPU.Build.0 = Debug|Any CPU
		{57867189-89DC-4858-8873-8EA75A167713}.Release|Any CPU.ActiveCfg = Release|Any CPU
		{57867189-89DC-4858-8873-8EA75A167713}.Release|Any CPU.Build.0 = Release|Any CPU
	EndGlobalSection
	GlobalSection(SolutionProperties) = preSolution
		HideSolutionNode = FALSE
	EndGlobalSection
	GlobalSection(ExtensibilityGlobals) = postSolution
		SolutionGuid = {634F73EF-6FD8-461B-8DA8-C23326407F2C}
	EndGlobalSection
EndGlobal
