
Microsoft Visual Studio Solution File, Format Version 12.00
# Visual Studio Version 17
VisualStudioVersion = 17.9.34616.47
MinimumVisualStudioVersion = 10.0.40219.1
Project("{FAE04EC0-301F-11D3-BF4B-00C04F79EFBC}") = "Session4", "Session4\Session4.csproj", "{3F634064-8B22-4DF1-ADA5-F6B59E618C54}"
EndProject
Global
	GlobalSection(SolutionConfigurationPlatforms) = preSolution
		Debug|Any CPU = Debug|Any CPU
		Release|Any CPU = Release|Any CPU
	EndGlobalSection
	GlobalSection(ProjectConfigurationPlatforms) = postSolution
		{3F634064-8B22-4DF1-ADA5-F6B59E618C54}.Debug|Any CPU.ActiveCfg = Debug|Any CPU
		{3F634064-8B22-4DF1-ADA5-F6B59E618C54}.Debug|Any CPU.Build.0 = Debug|Any CPU
		{3F634064-8B22-4DF1-ADA5-F6B59E618C54}.Release|Any CPU.ActiveCfg = Release|Any CPU
		{3F634064-8B22-4DF1-ADA5-F6B59E618C54}.Release|Any CPU.Build.0 = Release|Any CPU
	EndGlobalSection
	GlobalSection(SolutionProperties) = preSolution
		HideSolutionNode = FALSE
	EndGlobalSection
	GlobalSection(ExtensibilityGlobals) = postSolution
		SolutionGuid = {EC388F7F-5BD9-4359-A59B-5F60CA0BAE2B}
	EndGlobalSection
EndGlobal
